
Microsoft Visual Studio Solution File, Format Version 12.00
# Visual Studio Version 16
VisualStudioVersion = 16.0.30907.101
MinimumVisualStudioVersion = 10.0.40219.1
Project("{FAE04EC0-301F-11D3-BF4B-00C04F79EFBC}") = "Example1", "ContactBook\Example1.csproj", "{6F0CC94A-F4A3-47AE-A294-FDDC552F97CF}"
EndProject
Global
	GlobalSection(SolutionConfigurationPlatforms) = preSolution
		Debug|Any CPU = Debug|Any CPU
		Release|Any CPU = Release|Any CPU
	EndGlobalSection
	GlobalSection(ProjectConfigurationPlatforms) = postSolution
		{6F0CC94A-F4A3-47AE-A294-FDDC552F97CF}.Debug|Any CPU.ActiveCfg = Debug|Any CPU
		{6F0CC94A-F4A3-47AE-A294-FDDC552F97CF}.Debug|Any CPU.Build.0 = Debug|Any CPU
		{6F0CC94A-F4A3-47AE-A294-FDDC552F97CF}.Release|Any CPU.ActiveCfg = Release|Any CPU
		{6F0CC94A-F4A3-47AE-A294-FDDC552F97CF}.Release|Any CPU.Build.0 = Release|Any CPU
	EndGlobalSection
	GlobalSection(SolutionProperties) = preSolution
		HideSolutionNode = FALSE
	EndGlobalSection
	GlobalSection(ExtensibilityGlobals) = postSolution
		SolutionGuid = {39B4B276-DA81-43B7-9427-F13AF640D7FD}
	EndGlobalSection
EndGlobal
